// !$*UTF8*$!
{
	archiveVersion = 1;
	classes = {
	};
	objectVersion = 46;
	objects = {

/* Begin PBXGroup section */
		706BF8C91A154AB5009314E1 = {
			isa = PBXGroup;
			children = (
			);
			sourceTree = "<group>";
		};
/* End PBXGroup section */

/* Begin PBXProject section */
		706BF8CA1A154AB5009314E1 /* Project object */ = {
			isa = PBXProject;
			attributes = {
				LastUpgradeCheck = 0510;
			};
			buildConfigurationList = 706BF8CD1A154AB5009314E1 /* Build configuration list for PBXProject "debug_eikonal2d_c" */;
			compatibilityVersion = "Xcode 3.2";
			developmentRegion = English;
			hasScannedForEncodings = 0;
			knownRegions = (
				en,
			);
			mainGroup = 706BF8C91A154AB5009314E1;
			projectDirPath = "";
			projectRoot = "";
			targets = (
			);
		};
/* End PBXProject section */

/* Begin XCBuildConfiguration section */
		706BF8CE1A154AB5009314E1 /* Debug */ = {
			isa = XCBuildConfiguration;
			buildSettings = {
			};
			name = Debug;
		};
		706BF8CF1A154AB5009314E1 /* Release */ = {
			isa = XCBuildConfiguration;
			buildSettings = {
			};
			name = Release;
		};
/* End XCBuildConfiguration section */

/* Begin XCConfigurationList section */
		706BF8CD1A154AB5009314E1 /* Build configuration list for PBXProject "debug_eikonal2d_c" */ = {
			isa = XCConfigurationList;
			buildConfigurations = (
				706BF8CE1A154AB5009314E1 /* Debug */,
				706BF8CF1A154AB5009314E1 /* Release */,
			);
			defaultConfigurationIsVisible = 0;
			defaultConfigurationName = Release;
		};
/* End XCConfigurationList section */
	};
	rootObject = 706BF8CA1A154AB5009314E1 /* Project object */;
}
